PODS:
  - QRCodeSwiftScanner (0.1.0)

DEPENDENCIES:
  - QRCodeSwiftScanner (from `../../QRCodeSwiftScanner`)

EXTERNAL SOURCES:
  QRCodeSwiftScanner:
    :path: "../../QRCodeSwiftScanner"

SPEC CHECKSUMS:
  QRCodeSwiftScanner: 790383bf8e35fa40fe6421b5660093d695644c11

PODFILE CHECKSUM: 1c3783b653b740d983ae8564b58c4c483bf753cb

COCOAPODS: 1.11.3
